
Microsoft Visual Studio Solution File, Format Version 12.00
# Visual Studio Version 16
VisualStudioVersion = 16.0.30804.86
MinimumVisualStudioVersion = 10.0.40219.1
Project("{9A19103F-16F7-4668-BE54-9A1E7A4F7556}") = "ModelBuilder.Api", "ModelBuilder.Api\ModelBuilder.Api.csproj", "{8B96CE58-9994-44D0-971F-9F69C068B00E}"
EndProject
Project("{2150E333-8FDC-42A3-9474-1A3956D46DE8}") = "Tests", "Tests", "{7C74EBBC-C332-45D2-87C4-90B3FBB2D512}"
EndProject
Project("{9A19103F-16F7-4668-BE54-9A1E7A4F7556}") = "ModelBuilder.Core", "ModelBuilder.Core\ModelBuilder.Core.csproj", "{7669033A-B87D-4CC2-9A25-34E4B80F631E}"
EndProject
Project("{9A19103F-16F7-4668-BE54-9A1E7A4F7556}") = "ModelBuilder.Models", "ModelBuilder.Models\ModelBuilder.Models.csproj", "{91E964FB-992C-4B42-9358-39BA2CA53802}"
EndProject
Project("{2150E333-8FDC-42A3-9474-1A3956D46DE8}") = "Modules", "Modules", "{C5359E03-91E7-405A-803A-11182980C4E9}"
EndProject
Project("{9A19103F-16F7-4668-BE54-9A1E7A4F7556}") = "AzureActiveDirectoryModule", "Modules\AzureActiveDirectory\AzureActiveDirectoryModule.csproj", "{B94CCCE8-C799-45ED-8C5D-40FE33364B82}"
EndProject
Project("{9A19103F-16F7-4668-BE54-9A1E7A4F7556}") = "MicrosoftSqlServerModule", "Modules\MicrosoftSqlServerModule\MicrosoftSqlServerModule.csproj", "{9A1495B9-6CD5-46F4-9DCB-D314103A7F1B}"
EndProject
Project("{9A19103F-16F7-4668-BE54-9A1E7A4F7556}") = "DefaultParserModule", "Modules\DefaultParserModule\DefaultParserModule.csproj", "{4D50D267-00B1-4772-B042-7D999221937E}"
EndProject
Project("{2150E333-8FDC-42A3-9474-1A3956D46DE8}") = "Fixtures", "Fixtures", "{CF9AF418-0087-4C8C-82A6-4038AE7DC19E}"
EndProject
Project("{9A19103F-16F7-4668-BE54-9A1E7A4F7556}") = "EventHubModule", "Modules\FamModule\EventHubModule.csproj", "{AA11C55D-75F7-4BF8-8FB1-E12D0664D57D}"
EndProject
Project("{9A19103F-16F7-4668-BE54-9A1E7A4F7556}") = "RdfParserModule", "Modules\RdfParserModule\RdfParserModule.csproj", "{C16FF8AB-3AF0-403B-AACC-F4A7F41EE277}"
EndProject
Project("{9A19103F-16F7-4668-BE54-9A1E7A4F7556}") = "ModelBuilder.TypeEditor.Core", "ModelBuilder.TypeEditor.Core\ModelBuilder.TypeEditor.Core.csproj", "{176F1C47-B9D0-4BB0-B5AE-811F541C24E7}"
EndProject
Project("{9A19103F-16F7-4668-BE54-9A1E7A4F7556}") = "ModelBuilder.TypeEditor.Data", "ModelBuilder.TypeEditor.Data\ModelBuilder.TypeEditor.Data.csproj", "{6C9601BF-B4EF-48E9-90A1-6D79F6AF5193}"
EndProject
Project("{9A19103F-16F7-4668-BE54-9A1E7A4F7556}") = "ModelBuilder.TypeEditor.Services", "ModelBuilder.TypeEditor.Services\ModelBuilder.TypeEditor.Services.csproj", "{B1620697-0192-4395-891C-3E286F576EC5}"
EndProject
Project("{9A19103F-16F7-4668-BE54-9A1E7A4F7556}") = "ModelBuilder.Data", "ModelBuilder.Data\ModelBuilder.Data.csproj", "{3BECF11E-ED10-449F-A173-2CFA61B4E798}"
EndProject
Project("{9A19103F-16F7-4668-BE54-9A1E7A4F7556}") = "ModelBuilder.Services", "ModelBuilder.Services\ModelBuilder.Services.csproj", "{5AEC3F29-9519-404C-A780-29F87476268B}"
EndProject
Project("{9A19103F-16F7-4668-BE54-9A1E7A4F7556}") = "ModelBuilder.Fixtures", "Tests\ModelBuilder.Fixtures\ModelBuilder.Fixtures.csproj", "{F5117706-7A8B-49FF-8CB1-C60983519046}"
EndProject
Project("{9A19103F-16F7-4668-BE54-9A1E7A4F7556}") = "ModelBuilder.Api.Tests", "Tests\ModelBuilder.Api.Tests\ModelBuilder.Api.Tests.csproj", "{C2334F80-E179-4D44-A1D7-2E17C39C89FF}"
EndProject
Project("{9A19103F-16F7-4668-BE54-9A1E7A4F7556}") = "ModelBuilder.Models.Tests", "Tests\ModelBuilder.Models.Tests\ModelBuilder.Models.Tests.csproj", "{5223E859-DA7A-43AE-8DA2-67F305223A84}"
EndProject
Project("{9A19103F-16F7-4668-BE54-9A1E7A4F7556}") = "ModelBuilder.Services.Tests", "Tests\ModelBuilder.Services.Tests\ModelBuilder.Services.Tests.csproj", "{8831E240-DBAF-469C-8CEC-5D321A0D233F}"
EndProject
Project("{9A19103F-16F7-4668-BE54-9A1E7A4F7556}") = "ApplicationInsightsLoggingModule", "Modules\ApplicationInsightsLoggingModule\ApplicationInsightsLoggingModule.csproj", "{45C341F4-6027-4CBD-B0B8-7181893CDF5E}"
EndProject
Global
	GlobalSection(SolutionConfigurationPlatforms) = preSolution
		Debug|Any CPU = Debug|Any CPU
		Release|Any CPU = Release|Any CPU
	EndGlobalSection
	GlobalSection(ProjectConfigurationPlatforms) = postSolution
		{8B96CE58-9994-44D0-971F-9F69C068B00E}.Debug|Any CPU.ActiveCfg = Debug|Any CPU
		{8B96CE58-9994-44D0-971F-9F69C068B00E}.Debug|Any CPU.Build.0 = Debug|Any CPU
		{8B96CE58-9994-44D0-971F-9F69C068B00E}.Release|Any CPU.ActiveCfg = Release|Any CPU
		{8B96CE58-9994-44D0-971F-9F69C068B00E}.Release|Any CPU.Build.0 = Release|Any CPU
		{7669033A-B87D-4CC2-9A25-34E4B80F631E}.Debug|Any CPU.ActiveCfg = Debug|Any CPU
		{7669033A-B87D-4CC2-9A25-34E4B80F631E}.Debug|Any CPU.Build.0 = Debug|Any CPU
		{7669033A-B87D-4CC2-9A25-34E4B80F631E}.Release|Any CPU.ActiveCfg = Release|Any CPU
		{7669033A-B87D-4CC2-9A25-34E4B80F631E}.Release|Any CPU.Build.0 = Release|Any CPU
		{91E964FB-992C-4B42-9358-39BA2CA53802}.Debug|Any CPU.ActiveCfg = Debug|Any CPU
		{91E964FB-992C-4B42-9358-39BA2CA53802}.Debug|Any CPU.Build.0 = Debug|Any CPU
		{91E964FB-992C-4B42-9358-39BA2CA53802}.Release|Any CPU.ActiveCfg = Release|Any CPU
		{91E964FB-992C-4B42-9358-39BA2CA53802}.Release|Any CPU.Build.0 = Release|Any CPU
		{B94CCCE8-C799-45ED-8C5D-40FE33364B82}.Debug|Any CPU.ActiveCfg = Debug|Any CPU
		{B94CCCE8-C799-45ED-8C5D-40FE33364B82}.Debug|Any CPU.Build.0 = Debug|Any CPU
		{B94CCCE8-C799-45ED-8C5D-40FE33364B82}.Release|Any CPU.ActiveCfg = Release|Any CPU
		{B94CCCE8-C799-45ED-8C5D-40FE33364B82}.Release|Any CPU.Build.0 = Release|Any CPU
		{9A1495B9-6CD5-46F4-9DCB-D314103A7F1B}.Debug|Any CPU.ActiveCfg = Debug|Any CPU
		{9A1495B9-6CD5-46F4-9DCB-D314103A7F1B}.Debug|Any CPU.Build.0 = Debug|Any CPU
		{9A1495B9-6CD5-46F4-9DCB-D314103A7F1B}.Release|Any CPU.ActiveCfg = Release|Any CPU
		{9A1495B9-6CD5-46F4-9DCB-D314103A7F1B}.Release|Any CPU.Build.0 = Release|Any CPU
		{4D50D267-00B1-4772-B042-7D999221937E}.Debug|Any CPU.ActiveCfg = Debug|Any CPU
		{4D50D267-00B1-4772-B042-7D999221937E}.Debug|Any CPU.Build.0 = Debug|Any CPU
		{4D50D267-00B1-4772-B042-7D999221937E}.Release|Any CPU.ActiveCfg = Release|Any CPU
		{4D50D267-00B1-4772-B042-7D999221937E}.Release|Any CPU.Build.0 = Release|Any CPU
		{AA11C55D-75F7-4BF8-8FB1-E12D0664D57D}.Debug|Any CPU.ActiveCfg = Debug|Any CPU
		{AA11C55D-75F7-4BF8-8FB1-E12D0664D57D}.Debug|Any CPU.Build.0 = Debug|Any CPU
		{AA11C55D-75F7-4BF8-8FB1-E12D0664D57D}.Release|Any CPU.ActiveCfg = Release|Any CPU
		{AA11C55D-75F7-4BF8-8FB1-E12D0664D57D}.Release|Any CPU.Build.0 = Release|Any CPU
		{C16FF8AB-3AF0-403B-AACC-F4A7F41EE277}.Debug|Any CPU.ActiveCfg = Debug|Any CPU
		{C16FF8AB-3AF0-403B-AACC-F4A7F41EE277}.Debug|Any CPU.Build.0 = Debug|Any CPU
		{C16FF8AB-3AF0-403B-AACC-F4A7F41EE277}.Release|Any CPU.ActiveCfg = Release|Any CPU
		{C16FF8AB-3AF0-403B-AACC-F4A7F41EE277}.Release|Any CPU.Build.0 = Release|Any CPU
		{176F1C47-B9D0-4BB0-B5AE-811F541C24E7}.Debug|Any CPU.ActiveCfg = Debug|Any CPU
		{176F1C47-B9D0-4BB0-B5AE-811F541C24E7}.Debug|Any CPU.Build.0 = Debug|Any CPU
		{176F1C47-B9D0-4BB0-B5AE-811F541C24E7}.Release|Any CPU.ActiveCfg = Release|Any CPU
		{176F1C47-B9D0-4BB0-B5AE-811F541C24E7}.Release|Any CPU.Build.0 = Release|Any CPU
		{6C9601BF-B4EF-48E9-90A1-6D79F6AF5193}.Debug|Any CPU.ActiveCfg = Debug|Any CPU
		{6C9601BF-B4EF-48E9-90A1-6D79F6AF5193}.Debug|Any CPU.Build.0 = Debug|Any CPU
		{6C9601BF-B4EF-48E9-90A1-6D79F6AF5193}.Release|Any CPU.ActiveCfg = Release|Any CPU
		{6C9601BF-B4EF-48E9-90A1-6D79F6AF5193}.Release|Any CPU.Build.0 = Release|Any CPU
		{B1620697-0192-4395-891C-3E286F576EC5}.Debug|Any CPU.ActiveCfg = Debug|Any CPU
		{B1620697-0192-4395-891C-3E286F576EC5}.Debug|Any CPU.Build.0 = Debug|Any CPU
		{B1620697-0192-4395-891C-3E286F576EC5}.Release|Any CPU.ActiveCfg = Release|Any CPU
		{B1620697-0192-4395-891C-3E286F576EC5}.Release|Any CPU.Build.0 = Release|Any CPU
		{3BECF11E-ED10-449F-A173-2CFA61B4E798}.Debug|Any CPU.ActiveCfg = Debug|Any CPU
		{3BECF11E-ED10-449F-A173-2CFA61B4E798}.Debug|Any CPU.Build.0 = Debug|Any CPU
		{3BECF11E-ED10-449F-A173-2CFA61B4E798}.Release|Any CPU.ActiveCfg = Release|Any CPU
		{3BECF11E-ED10-449F-A173-2CFA61B4E798}.Release|Any CPU.Build.0 = Release|Any CPU
		{5AEC3F29-9519-404C-A780-29F87476268B}.Debug|Any CPU.ActiveCfg = Debug|Any CPU
		{5AEC3F29-9519-404C-A780-29F87476268B}.Debug|Any CPU.Build.0 = Debug|Any CPU
		{5AEC3F29-9519-404C-A780-29F87476268B}.Release|Any CPU.ActiveCfg = Release|Any CPU
		{5AEC3F29-9519-404C-A780-29F87476268B}.Release|Any CPU.Build.0 = Release|Any CPU
		{F5117706-7A8B-49FF-8CB1-C60983519046}.Debug|Any CPU.ActiveCfg = Debug|Any CPU
		{F5117706-7A8B-49FF-8CB1-C60983519046}.Debug|Any CPU.Build.0 = Debug|Any CPU
		{F5117706-7A8B-49FF-8CB1-C60983519046}.Release|Any CPU.ActiveCfg = Release|Any CPU
		{F5117706-7A8B-49FF-8CB1-C60983519046}.Release|Any CPU.Build.0 = Release|Any CPU
		{C2334F80-E179-4D44-A1D7-2E17C39C89FF}.Debug|Any CPU.ActiveCfg = Debug|Any CPU
		{C2334F80-E179-4D44-A1D7-2E17C39C89FF}.Debug|Any CPU.Build.0 = Debug|Any CPU
		{C2334F80-E179-4D44-A1D7-2E17C39C89FF}.Release|Any CPU.ActiveCfg = Release|Any CPU
		{C2334F80-E179-4D44-A1D7-2E17C39C89FF}.Release|Any CPU.Build.0 = Release|Any CPU
		{5223E859-DA7A-43AE-8DA2-67F305223A84}.Debug|Any CPU.ActiveCfg = Debug|Any CPU
		{5223E859-DA7A-43AE-8DA2-67F305223A84}.Debug|Any CPU.Build.0 = Debug|Any CPU
		{5223E859-DA7A-43AE-8DA2-67F305223A84}.Release|Any CPU.ActiveCfg = Release|Any CPU
		{5223E859-DA7A-43AE-8DA2-67F305223A84}.Release|Any CPU.Build.0 = Release|Any CPU
		{8831E240-DBAF-469C-8CEC-5D321A0D233F}.Debug|Any CPU.ActiveCfg = Debug|Any CPU
		{8831E240-DBAF-469C-8CEC-5D321A0D233F}.Debug|Any CPU.Build.0 = Debug|Any CPU
		{8831E240-DBAF-469C-8CEC-5D321A0D233F}.Release|Any CPU.ActiveCfg = Release|Any CPU
		{8831E240-DBAF-469C-8CEC-5D321A0D233F}.Release|Any CPU.Build.0 = Release|Any CPU
		{45C341F4-6027-4CBD-B0B8-7181893CDF5E}.Debug|Any CPU.ActiveCfg = Debug|Any CPU
		{45C341F4-6027-4CBD-B0B8-7181893CDF5E}.Debug|Any CPU.Build.0 = Debug|Any CPU
		{45C341F4-6027-4CBD-B0B8-7181893CDF5E}.Release|Any CPU.ActiveCfg = Release|Any CPU
		{45C341F4-6027-4CBD-B0B8-7181893CDF5E}.Release|Any CPU.Build.0 = Release|Any CPU
	EndGlobalSection
	GlobalSection(SolutionProperties) = preSolution
		HideSolutionNode = FALSE
	EndGlobalSection
	GlobalSection(NestedProjects) = preSolution
		{B94CCCE8-C799-45ED-8C5D-40FE33364B82} = {C5359E03-91E7-405A-803A-11182980C4E9}
		{9A1495B9-6CD5-46F4-9DCB-D314103A7F1B} = {C5359E03-91E7-405A-803A-11182980C4E9}
		{4D50D267-00B1-4772-B042-7D999221937E} = {C5359E03-91E7-405A-803A-11182980C4E9}
		{CF9AF418-0087-4C8C-82A6-4038AE7DC19E} = {7C74EBBC-C332-45D2-87C4-90B3FBB2D512}
		{AA11C55D-75F7-4BF8-8FB1-E12D0664D57D} = {C5359E03-91E7-405A-803A-11182980C4E9}
		{C16FF8AB-3AF0-403B-AACC-F4A7F41EE277} = {C5359E03-91E7-405A-803A-11182980C4E9}
		{F5117706-7A8B-49FF-8CB1-C60983519046} = {7C74EBBC-C332-45D2-87C4-90B3FBB2D512}
		{C2334F80-E179-4D44-A1D7-2E17C39C89FF} = {7C74EBBC-C332-45D2-87C4-90B3FBB2D512}
		{5223E859-DA7A-43AE-8DA2-67F305223A84} = {7C74EBBC-C332-45D2-87C4-90B3FBB2D512}
		{8831E240-DBAF-469C-8CEC-5D321A0D233F} = {7C74EBBC-C332-45D2-87C4-90B3FBB2D512}
	EndGlobalSection
	GlobalSection(ExtensibilityGlobals) = postSolution
		SolutionGuid = {61D7DEB6-5F0A-42C7-BDD9-B863F85B57F4}
	EndGlobalSection
EndGlobal
