
Microsoft Visual Studio Solution File, Format Version 12.00
# Visual Studio Version 16
VisualStudioVersion = 16.0.30804.86
MinimumVisualStudioVersion = 10.0.40219.1
Project("{FAE04EC0-301F-11D3-BF4B-00C04F79EFBC}") = "ModelBuilder", "ModelBuilder\ModelBuilder.csproj", "{8B96CE58-9994-44D0-971F-9F69C068B00E}"
EndProject
Global
	GlobalSection(SolutionConfigurationPlatforms) = preSolution
		Debug|Any CPU = Debug|Any CPU
		Release|Any CPU = Release|Any CPU
	EndGlobalSection
	GlobalSection(ProjectConfigurationPlatforms) = postSolution
		{8B96CE58-9994-44D0-971F-9F69C068B00E}.Debug|Any CPU.ActiveCfg = Debug|Any CPU
		{8B96CE58-9994-44D0-971F-9F69C068B00E}.Debug|Any CPU.Build.0 = Debug|Any CPU
		{8B96CE58-9994-44D0-971F-9F69C068B00E}.Release|Any CPU.ActiveCfg = Release|Any CPU
		{8B96CE58-9994-44D0-971F-9F69C068B00E}.Release|Any CPU.Build.0 = Release|Any CPU
	EndGlobalSection
	GlobalSection(SolutionProperties) = preSolution
		HideSolutionNode = FALSE
	EndGlobalSection
	GlobalSection(ExtensibilityGlobals) = postSolution
		SolutionGuid = {61D7DEB6-5F0A-42C7-BDD9-B863F85B57F4}
	EndGlobalSection
EndGlobal
